version = 1
revision = 3
requires-python = ">=3.12"
resolution-markers = [
    "python_full_version >= '3.13'",
    "python_full_version < '3.13'",
]

[[package]]
name = "colorama"
version = "0.4.6"
source = { registry = "https://pypi.org/simple" }
sdist = { url = "https://files.pythonhosted.org/packages/d8/53/6f443c9a4a8358a93a6792e2acffb9d9d5cb0a5cfd8802644b7b1c9a02e4/colorama-0.4.6.tar.gz", hash = "sha256:08695f5cb7ed6e0531a20572697297273c47b8cae5a63ffc6d6ed5c201be6e44", size = 27697, upload-time = "2022-10-25T02:36:22.414Z" }
wheels = [
    { url = "https://files.pythonhosted.org/packages/d1/d6/3965ed04c63042e047cb6a3e6ed1a63a35087b6a609aa3a15ed8ac56c221/colorama-0.4.6-py2.py3-none-any.whl", hash = "sha256:4f1d9991f5acc0ca119f9d443620b77f9d6b33703e51011c16baf57afb285fc6", size = 25335, upload-time = "2022-10-25T02:36:20.889Z" },
]

[[package]]
name = "hypothesis"
version = "6.161.1"
source = { registry = "https://pypi.org/simple" }
dependencies = [
    { name = "sortedcontainers" },
]
sdist = { url = "https://files.pythonhosted.org/packages/87/1d/f5453faa2dd41890212d858f9dfa2a9e6db643c3037d6758101f38ae3f8a/hypothesis-6.161.1.tar.gz", hash = "sha256:44ee51052b560245676cacf8c88be23f312132cdf29cb08dd092b52fdcf07a5d", size = 486148, upload-time = "2026-07-23T20:37:08.065Z" }
wheels = [
    { url = "https://files.pythonhosted.org/packages/b9/23/445da79f0847e63f2acfc7ca446d18dc4ddc05a2bd88c70c2a28b3a65510/hypothesis-6.161.1-cp310-abi3-macosx_10_12_x86_64.whl", hash = "sha256:c74cc6f010ac2635591891de8c16a3b5c0576f3661750509cef2487a6c1bee9a", size = 766527, upload-time = "2026-07-23T20:36:38.332Z" },
    { url = "https://files.pythonhosted.org/packages/b2/da/d7329ec56c2762553ad0f370406af4f47c1a74aed8fc7549f13c007f549c/hypothesis-6.161.1-cp310-abi3-macosx_11_0_arm64.whl", hash = "sha256:e1584bd873c68847ece7d8310f44c739a465122d94a506c44e9378278838779b", size = 762095, upload-time = "2026-07-23T20:36:14.461Z" },
    { url = "https://files.pythonhosted.org/packages/e6/9e/7ef3091342d7b6445aec7a77b243b5fdf54ca61a6c1a3020f68c16ad52c2/hypothesis-6.161.1-cp310-abi3-manylinux_2_17_aarch64.manylinux2014_aarch64.whl", hash = "sha256:ed29064e1c5b3062f74c8d073a3b623b33310fa4b13ce168db2c7ecd43caa922", size = 1091343, upload-time = "2026-07-23T20:35:49.161Z" },
    { url = "https://files.pythonhosted.org/packages/68/41/4b48032eaa17c59e648dfd5224fefcfe9626d7972cd99f89b3632d9dac4d/hypothesis-6.161.1-cp310-abi3-manylinux_2_17_x86_64.manylinux2014_x86_64.whl", hash = "sha256:7567f56527cdfe53989fcb99dca46cd805e28ca392c183886757b7f870b90046", size = 1140882, upload-time = "2026-07-23T20:36:09.431Z" },
    { url = "https://files.pythonhosted.org/packages/47/7e/9be7ae0c525a169eb6e824ea0f9b517a47887d22e379f2ad013cd0ff736f/hypothesis-6.161.1-cp310-abi3-manylinux_2_5_i686.manylinux1_i686.whl", hash = "sha256:730244719991ab11c1dfb6fe7a40488bdb6a632d4c856d08499d979e71e86c6b", size = 1132968, upload-time = "2026-07-23T20:36:58.457Z" },
    { url = "https://files.pythonhosted.org/packages/dd/10/f71f3fbb34cf996957d832dad6bec8a34415cd2b9145693bb082c00944b8/hypothesis-6.161.1-cp310-abi3-musllinux_1_2_aarch64.whl", hash = "sha256:b9956a4de0d04078791ef0b78f60e160aae205d9c8871b9a23f1db727d099dd7", size = 1265175, upload-time = "2026-07-23T20:35:52.172Z" },
    { url = "https://files.pythonhosted.org/packages/f3/28/82c4edad608931113d5993fede9fc9b6045f5d1203e538af0726d5b14a79/hypothesis-6.161.1-cp310-abi3-musllinux_1_2_x86_64.whl", hash = "sha256:def1fa012d9d8fce70e8c107e2137b9ab89293884470cc6f565c42c5f07c029e", size = 1307849, upload-time = "2026-07-23T20:36:06.065Z" },
    { url = "https://files.pythonhosted.org/packages/4e/10/7ad339cdec8df2bd907e3b2a712dd5f36f59f2c1ea2d7d01417436338692/hypothesis-6.161.1-cp310-abi3-win32.whl", hash = "sha256:410e09dff0cc332b4434aa6f1a20f9d6c037ab938f3db4f6adc272b2a7d03fc4", size = 652384, upload-time = "2026-07-23T20:36:12.771Z" },
    { url = "https://files.pythonhosted.org/packages/68/65/821390df2877ea60e48d028a2659fbfa1a852b393655ce3a99dd04522002/hypothesis-6.161.1-cp310-abi3-win_amd64.whl", hash = "sha256:bba4ea9d1ba5ad6ad93c500ce4f241329de28a91489a9a318f75be8dc79f477d", size = 658547, upload-time = "2026-07-23T20:36:19.407Z" },
    { url = "https://files.pythonhosted.org/packages/92/06/c724ff585b9e61a2c40500e214f19794a02fe6a48d7587d9fcb27b75cf56/hypothesis-6.161.1-cp312-cp312-macosx_10_12_x86_64.whl", hash = "sha256:2b12a6bc4f3f6071b9db444c49b387a2f005b53ecb491aa10c4bdac32abc8df4", size = 768144, upload-time = "2026-07-23T20:37:04.462Z" },
    { url = "https://files.pythonhosted.org/packages/78/3e/35ac6507910eaced5d06dc60b6e3484a718a9cc89791e067f7f17b45ec60/hypothesis-6.161.1-cp312-cp312-macosx_11_0_arm64.whl", hash = "sha256:db2d1d564c9a232007e5f1b7e9a4333c3718f2b73dc47d82f2300fb2cfce0840", size = 759714, upload-time = "2026-07-23T20:35:59.535Z" },
    { url = "https://files.pythonhosted.org/packages/94/16/3505c465f0e9f611197730561a9c787ff02ce9a7f54cdf2bd32f083af207/hypothesis-6.161.1-cp312-cp312-manylinux_2_17_aarch64.manylinux2014_aarch64.whl", hash = "sha256:12cf495fc49e4e3cee80f50fb0126a0ad99f9d6baa0984f1f5923c62bdd365f8", size = 1090154, upload-time = "2026-07-23T20:35:42.987Z" },
    { url = "https://files.pythonhosted.org/packages/35/09/720f80ff2daca23e164a133c4102a25d5006a5d00577bdfdf1f7df5045d1/hypothesis-6.161.1-cp312-cp312-manylinux_2_17_x86_64.manylinux2014_x86_64.whl", hash = "sha256:cf5a709efe1eb193c340f57110df210d146967a93e7fe611213df43594c59530", size = 1140198, upload-time = "2026-07-23T20:36:33.243Z" },
    { url = "https://files.pythonhosted.org/packages/72/06/10583f6b185031e0366cdffaeb54a9fa7577799b4017e67381eb309610b2/hypothesis-6.161.1-cp312-cp312-musllinux_1_2_aarch64.whl", hash = "sha256:432f832c52872369c0f9a85bd4d18198944c64a7b4d4f63a133c9837c360f951", size = 1262979, upload-time = "2026-07-23T20:36:45.745Z" },
    { url = "https://files.pythonhosted.org/packages/98/b2/abd0a1e9e05ba7ce639833eb93ab27ffdb940ffd146ab9b17ba3dcd2a4a7/hypothesis-6.161.1-cp312-cp312-musllinux_1_2_x86_64.whl", hash = "sha256:eb8a90449d2138ef6b82cecf39311e10f30cef89ad792aeb574086193752a8c9", size = 1307159, upload-time = "2026-07-23T20:35:58.162Z" },
    { url = "https://files.pythonhosted.org/packages/50/7d/03607c3f83c2312cdab52d9ce25054216fcea2c33da483d8d1afb6356d10/hypothesis-6.161.1-cp312-cp312-win_amd64.whl", hash = "sha256:36652bce788e77ccb1bd92a21fd6491980bae5ecdf7686e8943aa70458c873a6", size = 655680, upload-time = "2026-07-23T20:36:40.063Z" },
    { url = "https://files.pythonhosted.org/packages/22/c7/8295a14fabbfa8ed90bd2c382e8f00b8726e4feb5b94236ff463d5ab2004/hypothesis-6.161.1-cp313-cp313-macosx_10_12_x86_64.whl", hash = "sha256:b6f3a2eeb3b141c662b572585c903955d41ce6ac1d07ff6b927e658170fab2f8", size = 768018, upload-time = "2026-07-23T20:37:06.242Z" },
    { url = "https://files.pythonhosted.org/packages/d8/44/88f576f295aec95ff07febabb2029b64db02d392b9d0969cb70d27a5f2ef/hypothesis-6.161.1-cp313-cp313-macosx_11_0_arm64.whl", hash = "sha256:3f6bc47b4100af38c740cbcd8a1cc5a69b57d67b6c910feeb964a0badad35cdf", size = 759679, upload-time = "2026-07-23T20:36:49.537Z" },
    { url = "https://files.pythonhosted.org/packages/d7/10/9d757e68d53e5ecd973aa5e09bc16ab3d045f7cc4b409ac69bf2a62c31a0/hypothesis-6.161.1-cp313-cp313-manylinux_2_17_aarch64.manylinux2014_aarch64.whl", hash = "sha256:7ac69b3f9682b54a8dca79738805301efb6cbdc0645eacbac650992f6571b56a", size = 1090070, upload-time = "2026-07-23T20:35:50.72Z" },
    { url = "https://files.pythonhosted.org/packages/e2/eb/1ee79c1f34024738090a1033cd2e3825e590011a310922f4ff88a0730ad5/hypothesis-6.161.1-cp313-cp313-manylinux_2_17_x86_64.manylinux2014_x86_64.whl", hash = "sha256:6b3abe32e180cef09772768ec59b2ce9320b03cbc8756a686163582c82ce5056", size = 1140012, upload-time = "2026-07-23T20:36:56.686Z" },
    { url = "https://files.pythonhosted.org/packages/43/95/cef03067e9d3249893d6c8e2527af7cd0d843729b1d5580734230c00c794/hypothesis-6.161.1-cp313-cp313-musllinux_1_2_aarch64.whl", hash = "sha256:3fbcf071b12d7f133f910dde2ddcb820285b4d3549f5c75aa826b8eda6e42768", size = 1263022, upload-time = "2026-07-23T20:36:11.118Z" },
    { url = "https://files.pythonhosted.org/packages/98/05/6d9732f5052a77eb119784eaf18a19e83a23f0d0aeba8358ccfd6ae53e9a/hypothesis-6.161.1-cp313-cp313-musllinux_1_2_x86_64.whl", hash = "sha256:f82837674382a8e03e9389cf3c3444a052420c6e697b7cab4ada2d28448e226f", size = 1306912, upload-time = "2026-07-23T20:36:47.5Z" },
    { url = "https://files.pythonhosted.org/packages/6b/9f/e1fd97cd3801782a98d642fc10d9310e4f5c852aee8933d49e50d0265c49/hypothesis-6.161.1-cp313-cp313-win_amd64.whl", hash = "sha256:e688d96fa01816c3205336fc9954c6efa561c9bfbef783b2960ab4ec714ff73e", size = 655638, upload-time = "2026-07-23T20:35:46.164Z" },
    { url = "https://files.pythonhosted.org/packages/6d/1b/35683d3c1089354ae75d15b4cf4f00900508f8b10100f74f350d9005a7ac/hypothesis-6.161.1-cp314-cp314-macosx_10_12_x86_64.whl", hash = "sha256:36062ae4cd60fdbcc765edb47b73677c70350d6611cbcec2fdc3069be16479c1", size = 768213, upload-time = "2026-07-23T20:36:54.872Z" },
    { url = "https://files.pythonhosted.org/packages/f8/92/d85baa4241b2625f012989943bae190d21aead7b7705a0573ec61f8ca152/hypothesis-6.161.1-cp314-cp314-macosx_11_0_arm64.whl", hash = "sha256:6e59608ad96e2bfb7e4d1eb5adac633a5a2f735b9e368d8b5e0b12d976aacb2c", size = 759815, upload-time = "2026-07-23T20:35:44.516Z" },
    { url = "https://files.pythonhosted.org/packages/08/4b/08214b62fa1b85d059b71f5401130506c11d35a82d221133b415de19793d/hypothesis-6.161.1-cp314-cp314-manylinux_2_17_aarch64.manylinux2014_aarch64.whl", hash = "sha256:4d4249baa5fa38221432318ad692c2bc34b74eee1e8fe3d828c498a27f0545a8", size = 1090571, upload-time = "2026-07-23T20:37:00.529Z" },
    { url = "https://files.pythonhosted.org/packages/13/a8/3d66569b0fbf8b7be5b2cead898295eb65d5efb0eb298f6552441292cdfc/hypothesis-6.161.1-cp314-cp314-manylinux_2_17_x86_64.manylinux2014_x86_64.whl", hash = "sha256:3eb24e5f115de84e089829fd6f904f7c3296d8462560f22b7d9bc04bb7828123", size = 1140198, upload-time = "2026-07-23T20:35:34.489Z" },
    { url = "https://files.pythonhosted.org/packages/aa/1c/8391c5dcb1dcbb41e193dace61092d1311718405b696207d1ba35ae5f3e4/hypothesis-6.161.1-cp314-cp314-musllinux_1_2_aarch64.whl", hash = "sha256:2d079ae6ae39fd602393bbf853627aa530fcb467200246ca8700a401e1c1862d", size = 1263355, upload-time = "2026-07-23T20:35:38.905Z" },
    { url = "https://files.pythonhosted.org/packages/2a/97/40c3a8dccc3a8e6cdb262b846a5de8b8f9792d47645b41b073233f435976/hypothesis-6.161.1-cp314-cp314-musllinux_1_2_x86_64.whl", hash = "sha256:34a95d9684e760fa122194e721b35fe61fc4f792b6f90402fc43ce86ef1e021d", size = 1307192, upload-time = "2026-07-23T20:36:35.121Z" },
    { url = "https://files.pythonhosted.org/packages/69/7c/8919fcefd596c4fab3d89fbcced9431269edb6e7d3b0fd178949f56d9798/hypothesis-6.161.1-cp314-cp314-pyemscripten_2026_0_wasm32.whl", hash = "sha256:13b3523058a8240748f3756d443b2af6dfdca9f741b268e0e5f71fb6fe7f5934", size = 599732, upload-time = "2026-07-23T20:36:29.22Z" },
    { url = "https://files.pythonhosted.org/packages/86/04/3bda8a4d9f29c0e6225129ce394ebd75a9735f65d91fbd780d559c607acf/hypothesis-6.161.1-cp314-cp314-win_amd64.whl", hash = "sha256:3c5d057b7601801d1aa93070a38b77511e0009e1ccffe6a42cb259e846f50e31", size = 655588, upload-time = "2026-07-23T20:36:36.639Z" },
    { url = "https://files.pythonhosted.org/packages/6a/b3/cf868c489c28cfd1c293401568a927650ff09dbab92079c322fe49f7ebe3/hypothesis-6.161.1-cp314-cp314t-macosx_10_12_x86_64.whl", hash = "sha256:b79650b1b90806fc06c88ff1963c974678155770bcf488d19fd5e44b8d276893", size = 766790, upload-time = "2026-07-23T20:35:56.734Z" },
    { url = "https://files.pythonhosted.org/packages/31/a0/d743e0fbfb0f0cb58739890d3d132f605e666419c0b25d96efeffee1b5ea/hypothesis-6.161.1-cp314-cp314t-macosx_11_0_arm64.whl", hash = "sha256:b7dd1963fefcfa6ac5a33abba1e401f03e25fbca57ca9c2c57b121a1bea9d14f", size = 758280, upload-time = "2026-07-23T20:36:02.819Z" },
    { url = "https://files.pythonhosted.org/packages/9a/e9/8a13ff4ecb3582e0bd5c02d68c28ae550cf22c8bd1554ad46a4ba6919ef1/hypothesis-6.161.1-cp314-cp314t-manylinux_2_17_aarch64.manylinux2014_aarch64.whl", hash = "sha256:84e0d123ef2996ac2025bba9c2b2d51ba44320fb744c4044acb74b8deb95c3d6", size = 1089167, upload-time = "2026-07-23T20:36:44.003Z" },
    { url = "https://files.pythonhosted.org/packages/a8/3a/e8d950dbea29184aa5863136a6e835f5fccb9ac73be13f555a62c1284b10/hypothesis-6.161.1-cp314-cp314t-manylinux_2_17_x86_64.manylinux2014_x86_64.whl", hash = "sha256:f736f6ec2081f974cb96a14d2e05b796197e508fca0e6c84f50c163496851eac", size = 1139083, upload-time = "2026-07-23T20:37:02.593Z" },
    { url = "https://files.pythonhosted.org/packages/49/43/a55b85c185d81214849bb802714d13ca62ee5ecbbbdc6d1417efe313aaf3/hypothesis-6.161.1-cp314-cp314t-musllinux_1_2_aarch64.whl", hash = "sha256:c2ecc445a73a77f30a7b1c95280d91ec04f674e8c61df86b3f7adbfde4a0ac1b", size = 1261591, upload-time = "2026-07-23T20:36:31.442Z" },
    { url = "https://files.pythonhosted.org/packages/8c/de/aceb9c110e2f6f995c929827ffae1f21ad85fe9c43dec7ac94619ecd8de1/hypothesis-6.161.1-cp314-cp314t-musllinux_1_2_x86_64.whl", hash = "sha256:6c9e34f122639949dfabe1c2b70c0b06287e2eaf1ce7bc49b14cd4c532a14d25", size = 1305967, upload-time = "2026-07-23T20:35:53.65Z" },
    { url = "https://files.pythonhosted.org/packages/cc/bd/06a88dfa122e549336c0b48b83f27190822a3702172b987a8448faf1d9bb/hypothesis-6.161.1-cp314-cp314t-win_amd64.whl", hash = "sha256:027367e736255b9cf3ac894bbde4815ebc000396af9d9427f16776f395697159", size = 655718, upload-time = "2026-07-23T20:35:47.721Z" },
]

[[package]]
name = "iniconfig"
version = "2.3.0"
source = { registry = "https://pypi.org/simple" }
sdist = { url = "https://files.pythonhosted.org/packages/72/34/14ca021ce8e5dfedc35312d08ba8bf51fdd999c576889fc2c24cb97f4f10/iniconfig-2.3.0.tar.gz", hash = "sha256:c76315c77db068650d49c5b56314774a7804df16fee4402c1f19d6d15d8c4730", size = 20503, upload-time = "2025-10-18T21:55:43.219Z" }
wheels = [
    { url = "https://files.pythonhosted.org/packages/cb/b1/3846dd7f199d53cb17f49cba7e651e9ce294d8497c8c150530ed11865bb8/iniconfig-2.3.0-py3-none-any.whl", hash = "sha256:f631c04d2c48c52b84d0d0549c99ff3859c98df65b3101406327ecc7d53fbf12", size = 7484, upload-time = "2025-10-18T21:55:41.639Z" },
]

[[package]]
name = "packaging"
version = "26.2"
source = { registry = "https://pypi.org/simple" }
sdist = { url = "https://files.pythonhosted.org/packages/d7/f1/e7a6dd94a8d4a5626c03e4e99c87f241ba9e350cd9e6d75123f992427270/packaging-26.2.tar.gz", hash = "sha256:ff452ff5a3e828ce110190feff1178bb1f2ea2281fa2075aadb987c2fb221661", size = 228134, upload-time = "2026-04-24T20:15:23.917Z" }
wheels = [
    { url = "https://files.pythonhosted.org/packages/df/b2/87e62e8c3e2f4b32e5fe99e0b86d576da1312593b39f47d8ceef365e95ed/packaging-26.2-py3-none-any.whl", hash = "sha256:5fc45236b9446107ff2415ce77c807cee2862cb6fac22b8a73826d0693b0980e", size = 100195, upload-time = "2026-04-24T20:15:22.081Z" },
]

[[package]]
name = "pluggy"
version = "1.6.0"
source = { registry = "https://pypi.org/simple" }
sdist = { url = "https://files.pythonhosted.org/packages/f9/e2/3e91f31a7d2b083fe6ef3fa267035b518369d9511ffab804f839851d2779/pluggy-1.6.0.tar.gz", hash = "sha256:7dcc130b76258d33b90f61b658791dede3486c3e6bfb003ee5c9bfb396dd22f3", size = 69412, upload-time = "2025-05-15T12:30:07.975Z" }
wheels = [
    { url = "https://files.pythonhosted.org/packages/54/20/4d324d65cc6d9205fabedc306948156824eb9f0ee1633355a8f7ec5c66bf/pluggy-1.6.0-py3-none-any.whl", hash = "sha256:e920276dd6813095e9377c0bc5566d94c932c33b27a3e3945d8389c374dd4746", size = 20538, upload-time = "2025-05-15T12:30:06.134Z" },
]

[[package]]
name = "pygments"
version = "2.20.0"
source = { registry = "https://pypi.org/simple" }
sdist = { url = "https://files.pythonhosted.org/packages/c3/b2/bc9c9196916376152d655522fdcebac55e66de6603a76a02bca1b6414f6c/pygments-2.20.0.tar.gz", hash = "sha256:6757cd03768053ff99f3039c1a36d6c0aa0b263438fcab17520b30a303a82b5f", size = 4955991, upload-time = "2026-03-29T13:29:33.898Z" }
wheels = [
    { url = "https://files.pythonhosted.org/packages/f4/7e/a72dd26f3b0f4f2bf1dd8923c85f7ceb43172af56d63c7383eb62b332364/pygments-2.20.0-py3-none-any.whl", hash = "sha256:81a9e26dd42fd28a23a2d169d86d7ac03b46e2f8b59ed4698fb4785f946d0176", size = 1231151, upload-time = "2026-03-29T13:29:30.038Z" },
]

[[package]]
name = "pytest"
version = "8.4.2"
source = { registry = "https://pypi.org/simple" }
dependencies = [
    { name = "colorama", marker = "sys_platform == 'win32'" },
    { name = "iniconfig" },
    { name = "packaging" },
    { name = "pluggy" },
    { name = "pygments" },
]
sdist = { url = "https://files.pythonhosted.org/packages/a3/5c/00a0e072241553e1a7496d638deababa67c5058571567b92a7eaa258397c/pytest-8.4.2.tar.gz", hash = "sha256:86c0d0b93306b961d58d62a4db4879f27fe25513d4b969df351abdddb3c30e01", size = 1519618, upload-time = "2025-09-04T14:34:22.711Z" }
wheels = [
    { url = "https://files.pythonhosted.org/packages/a8/a4/20da314d277121d6534b3a980b29035dcd51e6744bd79075a6ce8fa4eb8d/pytest-8.4.2-py3-none-any.whl", hash = "sha256:872f880de3fc3a5bdc88a11b39c9710c3497a547cfa9320bc3c5e62fbf272e79", size = 365750, upload-time = "2025-09-04T14:34:20.226Z" },
]

[[package]]
name = "pyyaml"
version = "6.0.3"
source = { registry = "https://pypi.org/simple" }
sdist = { url = "https://files.pythonhosted.org/packages/05/8e/961c0007c59b8dd7729d542c61a4d537767a59645b82a0b521206e1e25c2/pyyaml-6.0.3.tar.gz", hash = "sha256:d76623373421df22fb4cf8817020cbb7ef15c725b9d5e45f17e189bfc384190f", size = 130960, upload-time = "2025-09-25T21:33:16.546Z" }
wheels = [
    { url = "https://files.pythonhosted.org/packages/d1/33/422b98d2195232ca1826284a76852ad5a86fe23e31b009c9886b2d0fb8b2/pyyaml-6.0.3-cp312-cp312-macosx_10_13_x86_64.whl", hash = "sha256:7f047e29dcae44602496db43be01ad42fc6f1cc0d8cd6c83d342306c32270196", size = 182063, upload-time = "2025-09-25T21:32:11.445Z" },
    { url = "https://files.pythonhosted.org/packages/89/a0/6cf41a19a1f2f3feab0e9c0b74134aa2ce6849093d5517a0c550fe37a648/pyyaml-6.0.3-cp312-cp312-macosx_11_0_arm64.whl", hash = "sha256:fc09d0aa354569bc501d4e787133afc08552722d3ab34836a80547331bb5d4a0", size = 173973, upload-time = "2025-09-25T21:32:12.492Z" },
    { url = "https://files.pythonhosted.org/packages/ed/23/7a778b6bd0b9a8039df8b1b1d80e2e2ad78aa04171592c8a5c43a56a6af4/pyyaml-6.0.3-cp312-cp312-manylinux2014_aarch64.manylinux_2_17_aarch64.manylinux_2_28_aarch64.whl", hash = "sha256:9149cad251584d5fb4981be1ecde53a1ca46c891a79788c0df828d2f166bda28", size = 775116, upload-time = "2025-09-25T21:32:13.652Z" },
    { url = "https://files.pythonhosted.org/packages/65/30/d7353c338e12baef4ecc1b09e877c1970bd3382789c159b4f89d6a70dc09/pyyaml-6.0.3-cp312-cp312-manylinux2014_s390x.manylinux_2_17_s390x.manylinux_2_28_s390x.whl", hash = "sha256:5fdec68f91a0c6739b380c83b951e2c72ac0197ace422360e6d5a959d8d97b2c", size = 844011, upload-time = "2025-09-25T21:32:15.21Z" },
    { url = "https://files.pythonhosted.org/packages/8b/9d/b3589d3877982d4f2329302ef98a8026e7f4443c765c46cfecc8858c6b4b/pyyaml-6.0.3-cp312-cp312-manylinux2014_x86_64.manylinux_2_17_x86_64.manylinux_2_28_x86_64.whl", hash = "sha256:ba1cc08a7ccde2d2ec775841541641e4548226580ab850948cbfda66a1befcdc", size = 807870, upload-time = "2025-09-25T21:32:16.431Z" },
    { url = "https://files.pythonhosted.org/packages/05/c0/b3be26a015601b822b97d9149ff8cb5ead58c66f981e04fedf4e762f4bd4/pyyaml-6.0.3-cp312-cp312-musllinux_1_2_aarch64.whl", hash = "sha256:8dc52c23056b9ddd46818a57b78404882310fb473d63f17b07d5c40421e47f8e", size = 761089, upload-time = "2025-09-25T21:32:17.56Z" },
    { url = "https://files.pythonhosted.org/packages/be/8e/98435a21d1d4b46590d5459a22d88128103f8da4c2d4cb8f14f2a96504e1/pyyaml-6.0.3-cp312-cp312-musllinux_1_2_x86_64.whl", hash = "sha256:41715c910c881bc081f1e8872880d3c650acf13dfa8214bad49ed4cede7c34ea", size = 790181, upload-time = "2025-09-25T21:32:18.834Z" },
    { url = "https://files.pythonhosted.org/packages/74/93/7baea19427dcfbe1e5a372d81473250b379f04b1bd3c4c5ff825e2327202/pyyaml-6.0.3-cp312-cp312-win32.whl", hash = "sha256:96b533f0e99f6579b3d4d4995707cf36df9100d67e0c8303a0c55b27b5f99bc5", size = 137658, upload-time = "2025-09-25T21:32:20.209Z" },
    { url = "https://files.pythonhosted.org/packages/86/bf/899e81e4cce32febab4fb42bb97dcdf66bc135272882d1987881a4b519e9/pyyaml-6.0.3-cp312-cp312-win_amd64.whl", hash = "sha256:5fcd34e47f6e0b794d17de1b4ff496c00986e1c83f7ab2fb8fcfe9616ff7477b", size = 154003, upload-time = "2025-09-25T21:32:21.167Z" },
    { url = "https://files.pythonhosted.org/packages/1a/08/67bd04656199bbb51dbed1439b7f27601dfb576fb864099c7ef0c3e55531/pyyaml-6.0.3-cp312-cp312-win_arm64.whl", hash = "sha256:64386e5e707d03a7e172c0701abfb7e10f0fb753ee1d773128192742712a98fd", size = 140344, upload-time = "2025-09-25T21:32:22.617Z" },
    { url = "https://files.pythonhosted.org/packages/d1/11/0fd08f8192109f7169db964b5707a2f1e8b745d4e239b784a5a1dd80d1db/pyyaml-6.0.3-cp313-cp313-macosx_10_13_x86_64.whl", hash = "sha256:8da9669d359f02c0b91ccc01cac4a67f16afec0dac22c2ad09f46bee0697eba8", size = 181669, upload-time = "2025-09-25T21:32:23.673Z" },
    { url = "https://files.pythonhosted.org/packages/b1/16/95309993f1d3748cd644e02e38b75d50cbc0d9561d21f390a76242ce073f/pyyaml-6.0.3-cp313-cp313-macosx_11_0_arm64.whl", hash = "sha256:2283a07e2c21a2aa78d9c4442724ec1eb15f5e42a723b99cb3d822d48f5f7ad1", size = 173252, upload-time = "2025-09-25T21:32:25.149Z" },
    { url = "https://files.pythonhosted.org/packages/50/31/b20f376d3f810b9b2371e72ef5adb33879b25edb7a6d072cb7ca0c486398/pyyaml-6.0.3-cp313-cp313-manylinux2014_aarch64.manylinux_2_17_aarch64.manylinux_2_28_aarch64.whl", hash = "sha256:ee2922902c45ae8ccada2c5b501ab86c36525b883eff4255313a253a3160861c", size = 767081, upload-time = "2025-09-25T21:32:26.575Z" },
    { url = "https://files.pythonhosted.org/packages/49/1e/a55ca81e949270d5d4432fbbd19dfea5321eda7c41a849d443dc92fd1ff7/pyyaml-6.0.3-cp313-cp313-manylinux2014_s390x.manylinux_2_17_s390x.manylinux_2_28_s390x.whl", hash = "sha256:a33284e20b78bd4a18c8c2282d549d10bc8408a2a7ff57653c0cf0b9be0afce5", size = 841159, upload-time = "2025-09-25T21:32:27.727Z" },
    { url = "https://files.pythonhosted.org/packages/74/27/e5b8f34d02d9995b80abcef563ea1f8b56d20134d8f4e5e81733b1feceb2/pyyaml-6.0.3-cp313-cp313-manylinux2014_x86_64.manylinux_2_17_x86_64.manylinux_2_28_x86_64.whl", hash = "sha256:0f29edc409a6392443abf94b9cf89ce99889a1dd5376d94316ae5145dfedd5d6", size = 801626, upload-time = "2025-09-25T21:32:28.878Z" },
    { url = "https://files.pythonhosted.org/packages/f9/11/ba845c23988798f40e52ba45f34849aa8a1f2d4af4b798588010792ebad6/pyyaml-6.0.3-cp313-cp313-musllinux_1_2_aarch64.whl", hash = "sha256:f7057c9a337546edc7973c0d3ba84ddcdf0daa14533c2065749c9075001090e6", size = 753613, upload-time = "2025-09-25T21:32:30.178Z" },
    { url = "https://files.pythonhosted.org/packages/3d/e0/7966e1a7bfc0a45bf0a7fb6b98ea03fc9b8d84fa7f2229e9659680b69ee3/pyyaml-6.0.3-cp313-cp313-musllinux_1_2_x86_64.whl", hash = "sha256:eda16858a3cab07b80edaf74336ece1f986ba330fdb8ee0d6c0d68fe82bc96be", size = 794115, upload-time = "2025-09-25T21:32:31.353Z" },
    { url = "https://files.pythonhosted.org/packages/de/94/980b50a6531b3019e45ddeada0626d45fa85cbe22300844a7983285bed3b/pyyaml-6.0.3-cp313-cp313-win32.whl", hash = "sha256:d0eae10f8159e8fdad514efdc92d74fd8d682c933a6dd088030f3834bc8e6b26", size = 137427, upload-time = "2025-09-25T21:32:32.58Z" },
    { url = "https://files.pythonhosted.org/packages/97/c9/39d5b874e8b28845e4ec2202b5da735d0199dbe5b8fb85f91398814a9a46/pyyaml-6.0.3-cp313-cp313-win_amd64.whl", hash = "sha256:79005a0d97d5ddabfeeea4cf676af11e647e41d81c9a7722a193022accdb6b7c", size = 154090, upload-time = "2025-09-25T21:32:33.659Z" },
    { url = "https://files.pythonhosted.org/packages/73/e8/2bdf3ca2090f68bb3d75b44da7bbc71843b19c9f2b9cb9b0f4ab7a5a4329/pyyaml-6.0.3-cp313-cp313-win_arm64.whl", hash = "sha256:5498cd1645aa724a7c71c8f378eb29ebe23da2fc0d7a08071d89469bf1d2defb", size = 140246, upload-time = "2025-09-25T21:32:34.663Z" },
    { url = "https://files.pythonhosted.org/packages/9d/8c/f4bd7f6465179953d3ac9bc44ac1a8a3e6122cf8ada906b4f96c60172d43/pyyaml-6.0.3-cp314-cp314-macosx_10_13_x86_64.whl", hash = "sha256:8d1fab6bb153a416f9aeb4b8763bc0f22a5586065f86f7664fc23339fc1c1fac", size = 181814, upload-time = "2025-09-25T21:32:35.712Z" },
    { url = "https://files.pythonhosted.org/packages/bd/9c/4d95bb87eb2063d20db7b60faa3840c1b18025517ae857371c4dd55a6b3a/pyyaml-6.0.3-cp314-cp314-macosx_11_0_arm64.whl", hash = "sha256:34d5fcd24b8445fadc33f9cf348c1047101756fd760b4dacb5c3e99755703310", size = 173809, upload-time = "2025-09-25T21:32:36.789Z" },
    { url = "https://files.pythonhosted.org/packages/92/b5/47e807c2623074914e29dabd16cbbdd4bf5e9b2db9f8090fa64411fc5382/pyyaml-6.0.3-cp314-cp314-manylinux2014_aarch64.manylinux_2_17_aarch64.manylinux_2_28_aarch64.whl", hash = "sha256:501a031947e3a9025ed4405a168e6ef5ae3126c59f90ce0cd6f2bfc477be31b7", size = 766454, upload-time = "2025-09-25T21:32:37.966Z" },
    { url = "https://files.pythonhosted.org/packages/02/9e/e5e9b168be58564121efb3de6859c452fccde0ab093d8438905899a3a483/pyyaml-6.0.3-cp314-cp314-manylinux2014_s390x.manylinux_2_17_s390x.manylinux_2_28_s390x.whl", hash = "sha256:b3bc83488de33889877a0f2543ade9f70c67d66d9ebb4ac959502e12de895788", size = 836355, upload-time = "2025-09-25T21:32:39.178Z" },
    { url = "https://files.pythonhosted.org/packages/88/f9/16491d7ed2a919954993e48aa941b200f38040928474c9e85ea9e64222c3/pyyaml-6.0.3-cp314-cp314-manylinux2014_x86_64.manylinux_2_17_x86_64.manylinux_2_28_x86_64.whl", hash = "sha256:c458b6d084f9b935061bc36216e8a69a7e293a2f1e68bf956dcd9e6cbcd143f5", size = 794175, upload-time = "2025-09-25T21:32:40.865Z" },
    { url = "https://files.pythonhosted.org/packages/dd/3f/5989debef34dc6397317802b527dbbafb2b4760878a53d4166579111411e/pyyaml-6.0.3-cp314-cp314-musllinux_1_2_aarch64.whl", hash = "sha256:7c6610def4f163542a622a73fb39f534f8c101d690126992300bf3207eab9764", size = 755228, upload-time = "2025-09-25T21:32:42.084Z" },
    { url = "https://files.pythonhosted.org/packages/d7/ce/af88a49043cd2e265be63d083fc75b27b6ed062f5f9fd6cdc223ad62f03e/pyyaml-6.0.3-cp314-cp314-musllinux_1_2_x86_64.whl", hash = "sha256:5190d403f121660ce8d1d2c1bb2ef1bd05b5f68533fc5c2ea899bd15f4399b35", size = 789194, upload-time = "2025-09-25T21:32:43.362Z" },
    { url = "https://files.pythonhosted.org/packages/23/20/bb6982b26a40bb43951265ba29d4c246ef0ff59c9fdcdf0ed04e0687de4d/pyyaml-6.0.3-cp314-cp314-win_amd64.whl", hash = "sha256:4a2e8cebe2ff6ab7d1050ecd59c25d4c8bd7e6f400f5f82b96557ac0abafd0ac", size = 156429, upload-time = "2025-09-25T21:32:57.844Z" },
    { url = "https://files.pythonhosted.org/packages/f4/f4/a4541072bb9422c8a883ab55255f918fa378ecf083f5b85e87fc2b4eda1b/pyyaml-6.0.3-cp314-cp314-win_arm64.whl", hash = "sha256:93dda82c9c22deb0a405ea4dc5f2d0cda384168e466364dec6255b293923b2f3", size = 143912, upload-time = "2025-09-25T21:32:59.247Z" },
    { url = "https://files.pythonhosted.org/packages/7c/f9/07dd09ae774e4616edf6cda684ee78f97777bdd15847253637a6f052a62f/pyyaml-6.0.3-cp314-cp314t-macosx_10_13_x86_64.whl", hash = "sha256:02893d100e99e03eda1c8fd5c441d8c60103fd175728e23e431db1b589cf5ab3", size = 189108, upload-time = "2025-09-25T21:32:44.377Z" },
    { url = "https://files.pythonhosted.org/packages/4e/78/8d08c9fb7ce09ad8c38ad533c1191cf27f7ae1effe5bb9400a46d9437fcf/pyyaml-6.0.3-cp314-cp314t-macosx_11_0_arm64.whl", hash = "sha256:c1ff362665ae507275af2853520967820d9124984e0f7466736aea23d8611fba", size = 183641, upload-time = "2025-09-25T21:32:45.407Z" },
    { url = "https://files.pythonhosted.org/packages/7b/5b/3babb19104a46945cf816d047db2788bcaf8c94527a805610b0289a01c6b/pyyaml-6.0.3-cp314-cp314t-manylinux2014_aarch64.manylinux_2_17_aarch64.manylinux_2_28_aarch64.whl", hash = "sha256:6adc77889b628398debc7b65c073bcb99c4a0237b248cacaf3fe8a557563ef6c", size = 831901, upload-time = "2025-09-25T21:32:48.83Z" },
    { url = "https://files.pythonhosted.org/packages/8b/cc/dff0684d8dc44da4d22a13f35f073d558c268780ce3c6ba1b87055bb0b87/pyyaml-6.0.3-cp314-cp314t-manylinux2014_s390x.manylinux_2_17_s390x.manylinux_2_28_s390x.whl", hash = "sha256:a80cb027f6b349846a3bf6d73b5e95e782175e52f22108cfa17876aaeff93702", size = 861132, upload-time = "2025-09-25T21:32:50.149Z" },
    { url = "https://files.pythonhosted.org/packages/b1/5e/f77dc6b9036943e285ba76b49e118d9ea929885becb0a29ba8a7c75e29fe/pyyaml-6.0.3-cp314-cp314t-manylinux2014_x86_64.manylinux_2_17_x86_64.manylinux_2_28_x86_64.whl", hash = "sha256:00c4bdeba853cc34e7dd471f16b4114f4162dc03e6b7afcc2128711f0eca823c", size = 839261, upload-time = "2025-09-25T21:32:51.808Z" },
    { url = "https://files.pythonhosted.org/packages/ce/88/a9db1376aa2a228197c58b37302f284b5617f56a5d959fd1763fb1675ce6/pyyaml-6.0.3-cp314-cp314t-musllinux_1_2_aarch64.whl", hash = "sha256:66e1674c3ef6f541c35191caae2d429b967b99e02040f5ba928632d9a7f0f065", size = 805272, upload-time = "2025-09-25T21:32:52.941Z" },
    { url = "https://files.pythonhosted.org/packages/da/92/1446574745d74df0c92e6aa4a7b0b3130706a4142b2d1a5869f2eaa423c6/pyyaml-6.0.3-cp314-cp314t-musllinux_1_2_x86_64.whl", hash = "sha256:16249ee61e95f858e83976573de0f5b2893b3677ba71c9dd36b9cf8be9ac6d65", size = 829923, upload-time = "2025-09-25T21:32:54.537Z" },
    { url = "https://files.pythonhosted.org/packages/f0/7a/1c7270340330e575b92f397352af856a8c06f230aa3e76f86b39d01b416a/pyyaml-6.0.3-cp314-cp314t-win_amd64.whl", hash = "sha256:4ad1906908f2f5ae4e5a8ddfce73c320c2a1429ec52eafd27138b7f1cbe341c9", size = 174062, upload-time = "2025-09-25T21:32:55.767Z" },
    { url = "https://files.pythonhosted.org/packages/f1/12/de94a39c2ef588c7e6455cfbe7343d3b2dc9d6b6b2f40c4c6565744c873d/pyyaml-6.0.3-cp314-cp314t-win_arm64.whl", hash = "sha256:ebc55a14a21cb14062aa4162f906cd962b28e2e9ea38f9b4391244cd8de4ae0b", size = 149341, upload-time = "2025-09-25T21:32:56.828Z" },
]

[[package]]
name = "sortedcontainers"
version = "2.4.0"
source = { registry = "https://pypi.org/simple" }
sdist = { url = "https://files.pythonhosted.org/packages/e8/c4/ba2f8066cceb6f23394729afe52f3bf7adec04bf9ed2c820b39e19299111/sortedcontainers-2.4.0.tar.gz", hash = "sha256:25caa5a06cc30b6b83d11423433f65d1f9d76c4c6a0c90e3379eaa43b9bfdb88", size = 30594, upload-time = "2021-05-16T22:03:42.897Z" }
wheels = [
    { url = "https://files.pythonhosted.org/packages/32/46/9cb0e58b2deb7f82b84065f37f3bffeb12413f947f9388e4cac22c4621ce/sortedcontainers-2.4.0-py2.py3-none-any.whl", hash = "sha256:a163dcaede0f1c021485e957a39245190e74249897e2ae4b2aa38595db237ee0", size = 29575, upload-time = "2021-05-16T22:03:41.177Z" },
]

[[package]]
name = "threelakes-figures"
version = "0.1.0"
source = { virtual = "." }

[package.dev-dependencies]
dev = [
    { name = "hypothesis" },
    { name = "pytest" },
    { name = "pyyaml" },
]

[package.metadata]

[package.metadata.requires-dev]
dev = [
    { name = "hypothesis", specifier = ">=6.115,<7" },
    { name = "pytest", specifier = ">=8.3,<9" },
    { name = "pyyaml", specifier = ">=6,<7" },
]
